// !$*UTF8*$!
{
	archiveVersion = 1;
	classes = {
	};
	objectVersion = 45;
	objects = {

/* Begin PBXBuildFile section */
		638168BE10B0D5AF00CADBD5 /* erlexec_playdar in Copy erlexec_playdar */ = {isa = PBXBuildFile; fileRef = 638168B110B0D5AA00CADBD5 /* erlexec_playdar */; };
		639969C3108E401800F7CE1F /* MBSliderButton.m in Sources */ = {isa = PBXBuildFile; fileRef = 639969C2108E401800F7CE1F /* MBSliderButton.m */; };
		639969CA108E40B300F7CE1F /* button_surround.png in Resources */ = {isa = PBXBuildFile; fileRef = 639969C8108E40B300F7CE1F /* button_surround.png */; };
		639969CB108E40B300F7CE1F /* button_knob.png in Resources */ = {isa = PBXBuildFile; fileRef = 639969C9108E40B300F7CE1F /* button_knob.png */; };
		63ADA832108B6447004FFC0C /* main.xib in Resources */ = {isa = PBXBuildFile; fileRef = 63A9EFAE108B605C0055B9DA /* main.xib */; };
		63ADA849108B69AE004FFC0C /* Sparkle.framework in Frameworks */ = {isa = PBXBuildFile; fileRef = 63ADA848108B69AE004FFC0C /* Sparkle.framework */; };
		63ADA855108B6AB7004FFC0C /* Sparkle.framework in Copy Sparkle.framework */ = {isa = PBXBuildFile; fileRef = 63ADA848108B69AE004FFC0C /* Sparkle.framework */; };
		63E80EEA10B87B6D0094A6E6 /* Info.plist in Resources */ = {isa = PBXBuildFile; fileRef = 63E80EE510B87B6D0094A6E6 /* Info.plist */; };
		63E80EEB10B87B6D0094A6E6 /* off.png in Resources */ = {isa = PBXBuildFile; fileRef = 63E80EE610B87B6D0094A6E6 /* off.png */; };
		63E80EEC10B87B6D0094A6E6 /* on.png in Resources */ = {isa = PBXBuildFile; fileRef = 63E80EE710B87B6D0094A6E6 /* on.png */; };
		63E80EED10B87B6D0094A6E6 /* pressed.png in Resources */ = {isa = PBXBuildFile; fileRef = 63E80EE810B87B6D0094A6E6 /* pressed.png */; };
		63E80EEE10B87B6D0094A6E6 /* StatusItem.xib in Resources */ = {isa = PBXBuildFile; fileRef = 63E80EE910B87B6D0094A6E6 /* StatusItem.xib */; };
		63E80EF110B87B8E0094A6E6 /* off.png in Resources */ = {isa = PBXBuildFile; fileRef = 63E80EE610B87B6D0094A6E6 /* off.png */; };
		63E80EF210B87B8E0094A6E6 /* on.png in Resources */ = {isa = PBXBuildFile; fileRef = 63E80EE710B87B6D0094A6E6 /* on.png */; };
		63E80EF310B87B8E0094A6E6 /* pressed.png in Resources */ = {isa = PBXBuildFile; fileRef = 63E80EE810B87B6D0094A6E6 /* pressed.png */; };
		63E80EF410B87B8E0094A6E6 /* StatusItem.xib in Resources */ = {isa = PBXBuildFile; fileRef = 63E80EE910B87B6D0094A6E6 /* StatusItem.xib */; };
		63E80EF510B87B990094A6E6 /* main.m in Sources */ = {isa = PBXBuildFile; fileRef = 63E80ED510B87AC10094A6E6 /* main.m */; };
		63E80EF710B87B990094A6E6 /* StatusItemController.m in Sources */ = {isa = PBXBuildFile; fileRef = 63E80ED710B87AC10094A6E6 /* StatusItemController.m */; };
		8D202CEE0486D31800D8A456 /* playdar.icns in Resources */ = {isa = PBXBuildFile; fileRef = F506C040013D9D8001CA16C8 /* playdar.icns */; };
		8D202CF10486D31800D8A456 /* main.m in Sources */ = {isa = PBXBuildFile; fileRef = F506C03D013D9D7901CA16C8 /* main.m */; };
		8D202CF30486D31800D8A456 /* Cocoa.framework in Frameworks */ = {isa = PBXBuildFile; fileRef = 1058C7ADFEA557BF11CA2CBB /* Cocoa.framework */; };
		8D202CF40486D31800D8A456 /* PreferencePanes.framework in Frameworks */ = {isa = PBXBuildFile; fileRef = F506C035013D953901CA16C8 /* PreferencePanes.framework */; };
/* End PBXBuildFile section */

/* Begin PBXContainerItemProxy section */
		63E80F0D10B87F8F0094A6E6 /* PBXContainerItemProxy */ = {
			isa = PBXContainerItemProxy;
			containerPortal = 089C1669FE841209C02AAC07 /* Project object */;
			proxyType = 1;
			remoteGlobalIDString = 8D202CE80486D31800D8A456 /* Playdar.prefPane */;
			remoteInfo = Playdar.prefPane;
		};
/* End PBXContainerItemProxy section */

/* Begin PBXCopyFilesBuildPhase section */
		638168B310B0D5AB00CADBD5 /* Copy erlexec_playdar */ = {
			isa = PBXCopyFilesBuildPhase;
			buildActionMask = 2147483647;
			dstPath = "";
			dstSubfolderSpec = 6;
			files = (
				638168BE10B0D5AF00CADBD5 /* erlexec_playdar in Copy erlexec_playdar */,
			);
			name = "Copy erlexec_playdar";
			runOnlyForDeploymentPostprocessing = 0;
		};
		63ADA826108B6344004FFC0C /* Copy Sparkle.framework */ = {
			isa = PBXCopyFilesBuildPhase;
			buildActionMask = 2147483647;
			dstPath = "";
			dstSubfolderSpec = 10;
			files = (
				63ADA855108B6AB7004FFC0C /* Sparkle.framework in Copy Sparkle.framework */,
			);
			name = "Copy Sparkle.framework";
			runOnlyForDeploymentPostprocessing = 0;
		};
/* End PBXCopyFilesBuildPhase section */

/* Begin PBXFileReference section */
		089C1672FE841209C02AAC07 /* Foundation.framework */ = {isa = PBXFileReference; lastKnownFileType = wrapper.framework; name = Foundation.framework; path = /System/Library/Frameworks/Foundation.framework; sourceTree = "<absolute>"; };
		089C167FFE841241C02AAC07 /* AppKit.framework */ = {isa = PBXFileReference; lastKnownFileType = wrapper.framework; name = AppKit.framework; path = /System/Library/Frameworks/AppKit.framework; sourceTree = "<absolute>"; };
		1058C7ADFEA557BF11CA2CBB /* Cocoa.framework */ = {isa = PBXFileReference; lastKnownFileType = wrapper.framework; name = Cocoa.framework; path = /System/Library/Frameworks/Cocoa.framework; sourceTree = "<absolute>"; };
		32DBCFA20370C41700C91783 /* pc.h */ = {isa = PBXFileReference; fileEncoding = 4; lastKnownFileType = sourcecode.c.h; path = pc.h; sourceTree = "<group>"; };
		638168B110B0D5AA00CADBD5 /* erlexec_playdar */ = {isa = PBXFileReference; fileEncoding = 4; lastKnownFileType = text.script.sh; path = erlexec_playdar; sourceTree = "<group>"; };
		639969C1108E401800F7CE1F /* MBSliderButton.h */ = {isa = PBXFileReference; fileEncoding = 4; lastKnownFileType = sourcecode.c.h; path = MBSliderButton.h; sourceTree = "<group>"; };
		639969C2108E401800F7CE1F /* MBSliderButton.m */ = {isa = PBXFileReference; fileEncoding = 4; lastKnownFileType = sourcecode.c.objc; path = MBSliderButton.m; sourceTree = "<group>"; };
		639969C8108E40B300F7CE1F /* button_surround.png */ = {isa = PBXFileReference; lastKnownFileType = image.png; path = button_surround.png; sourceTree = "<group>"; };
		639969C9108E40B300F7CE1F /* button_knob.png */ = {isa = PBXFileReference; lastKnownFileType = image.png; path = button_knob.png; sourceTree = "<group>"; };
		63A9EFAE108B605C0055B9DA /* main.xib */ = {isa = PBXFileReference; lastKnownFileType = file.xib; path = main.xib; sourceTree = SOURCE_ROOT; };
		63ADA848108B69AE004FFC0C /* Sparkle.framework */ = {isa = PBXFileReference; lastKnownFileType = wrapper.framework; path = Sparkle.framework; sourceTree = "<group>"; };
		63E80ED510B87AC10094A6E6 /* main.m */ = {isa = PBXFileReference; fileEncoding = 4; lastKnownFileType = sourcecode.c.objc; name = main.m; path = StatusItem/main.m; sourceTree = "<group>"; };
		63E80ED610B87AC10094A6E6 /* StatusItemController.h */ = {isa = PBXFileReference; fileEncoding = 4; lastKnownFileType = sourcecode.c.h; name = StatusItemController.h; path = StatusItem/StatusItemController.h; sourceTree = "<group>"; };
		63E80ED710B87AC10094A6E6 /* StatusItemController.m */ = {isa = PBXFileReference; fileEncoding = 4; lastKnownFileType = sourcecode.c.objc; name = StatusItemController.m; path = StatusItem/StatusItemController.m; sourceTree = "<group>"; };
		63E80EDE10B87AD30094A6E6 /* Playdar.app */ = {isa = PBXFileReference; explicitFileType = wrapper.application; includeInIndex = 0; path = Playdar.app; sourceTree = BUILT_PRODUCTS_DIR; };
		63E80EE510B87B6D0094A6E6 /* Info.plist */ = {isa = PBXFileReference; fileEncoding = 4; lastKnownFileType = text.plist.xml; name = Info.plist; path = StatusItem/Info.plist; sourceTree = "<group>"; };
		63E80EE610B87B6D0094A6E6 /* off.png */ = {isa = PBXFileReference; lastKnownFileType = image.png; name = off.png; path = StatusItem/off.png; sourceTree = "<group>"; };
		63E80EE710B87B6D0094A6E6 /* on.png */ = {isa = PBXFileReference; lastKnownFileType = image.png; name = on.png; path = StatusItem/on.png; sourceTree = "<group>"; };
		63E80EE810B87B6D0094A6E6 /* pressed.png */ = {isa = PBXFileReference; lastKnownFileType = image.png; name = pressed.png; path = StatusItem/pressed.png; sourceTree = "<group>"; };
		63E80EE910B87B6D0094A6E6 /* StatusItem.xib */ = {isa = PBXFileReference; lastKnownFileType = file.xib; name = StatusItem.xib; path = StatusItem/StatusItem.xib; sourceTree = "<group>"; };
		8D202CF70486D31800D8A456 /* Info.plist */ = {isa = PBXFileReference; fileEncoding = 4; lastKnownFileType = text.plist; path = Info.plist; sourceTree = "<group>"; };
		8D202CF80486D31800D8A456 /* Playdar.prefPane */ = {isa = PBXFileReference; explicitFileType = wrapper.cfbundle; includeInIndex = 0; path = Playdar.prefPane; sourceTree = BUILT_PRODUCTS_DIR; };
		F506C035013D953901CA16C8 /* PreferencePanes.framework */ = {isa = PBXFileReference; lastKnownFileType = wrapper.framework; name = PreferencePanes.framework; path = /System/Library/Frameworks/PreferencePanes.framework; sourceTree = "<absolute>"; };
		F506C03C013D9D7901CA16C8 /* main.h */ = {isa = PBXFileReference; fileEncoding = 4; lastKnownFileType = sourcecode.c.h; path = main.h; sourceTree = "<group>"; };
		F506C03D013D9D7901CA16C8 /* main.m */ = {isa = PBXFileReference; fileEncoding = 4; lastKnownFileType = sourcecode.c.objc; path = main.m; sourceTree = "<group>"; };
		F506C040013D9D8001CA16C8 /* playdar.icns */ = {isa = PBXFileReference; lastKnownFileType = image.tiff; path = playdar.icns; sourceTree = "<group>"; };
/* End PBXFileReference section */

/* Begin PBXFrameworksBuildPhase section */
		63E80EDC10B87AD30094A6E6 /* Frameworks */ = {
			isa = PBXFrameworksBuildPhase;
			buildActionMask = 2147483647;
			files = (
			);
			runOnlyForDeploymentPostprocessing = 0;
		};
		8D202CF20486D31800D8A456 /* Frameworks */ = {
			isa = PBXFrameworksBuildPhase;
			buildActionMask = 2147483647;
			files = (
				8D202CF30486D31800D8A456 /* Cocoa.framework in Frameworks */,
				8D202CF40486D31800D8A456 /* PreferencePanes.framework in Frameworks */,
				63ADA849108B69AE004FFC0C /* Sparkle.framework in Frameworks */,
			);
			runOnlyForDeploymentPostprocessing = 0;
		};
/* End PBXFrameworksBuildPhase section */

/* Begin PBXGroup section */
		089C166AFE841209C02AAC07 /* Playdar.prefPane */ = {
			isa = PBXGroup;
			children = (
				08FB77AFFE84173DC02AAC07 /* Prefpane */,
				63E80EC910B87A9B0094A6E6 /* Statusitem */,
				32DBCFA10370C40200C91783 /* Other Sources */,
				089C1671FE841209C02AAC07 /* Frameworks and Libraries */,
				19C28FB8FE9D52D311CA2CBB /* Products */,
			);
			name = Playdar.prefPane;
			sourceTree = "<group>";
		};
		089C1671FE841209C02AAC07 /* Frameworks and Libraries */ = {
			isa = PBXGroup;
			children = (
				1058C7ACFEA557BF11CA2CBB /* Linked Frameworks */,
				1058C7AEFEA557BF11CA2CBB /* Other Frameworks */,
			);
			name = "Frameworks and Libraries";
			sourceTree = "<group>";
		};
		089C167CFE841241C02AAC07 /* Resources */ = {
			isa = PBXGroup;
			children = (
				63A9EFAE108B605C0055B9DA /* main.xib */,
				8D202CF70486D31800D8A456 /* Info.plist */,
				F506C040013D9D8001CA16C8 /* playdar.icns */,
				639969C8108E40B300F7CE1F /* button_surround.png */,
				639969C9108E40B300F7CE1F /* button_knob.png */,
			);
			name = Resources;
			sourceTree = "<group>";
		};
		08FB77AFFE84173DC02AAC07 /* Prefpane */ = {
			isa = PBXGroup;
			children = (
				089C167CFE841241C02AAC07 /* Resources */,
				F506C03C013D9D7901CA16C8 /* main.h */,
				F506C03D013D9D7901CA16C8 /* main.m */,
				639969C1108E401800F7CE1F /* MBSliderButton.h */,
				639969C2108E401800F7CE1F /* MBSliderButton.m */,
			);
			name = Prefpane;
			sourceTree = "<group>";
		};
		1058C7ACFEA557BF11CA2CBB /* Linked Frameworks */ = {
			isa = PBXGroup;
			children = (
				63ADA848108B69AE004FFC0C /* Sparkle.framework */,
				1058C7ADFEA557BF11CA2CBB /* Cocoa.framework */,
				F506C035013D953901CA16C8 /* PreferencePanes.framework */,
			);
			name = "Linked Frameworks";
			sourceTree = "<group>";
		};
		1058C7AEFEA557BF11CA2CBB /* Other Frameworks */ = {
			isa = PBXGroup;
			children = (
				089C1672FE841209C02AAC07 /* Foundation.framework */,
				089C167FFE841241C02AAC07 /* AppKit.framework */,
			);
			name = "Other Frameworks";
			sourceTree = "<group>";
		};
		19C28FB8FE9D52D311CA2CBB /* Products */ = {
			isa = PBXGroup;
			children = (
				8D202CF80486D31800D8A456 /* Playdar.prefPane */,
				63E80EDE10B87AD30094A6E6 /* Playdar.app */,
			);
			name = Products;
			sourceTree = "<group>";
		};
		32DBCFA10370C40200C91783 /* Other Sources */ = {
			isa = PBXGroup;
			children = (
				32DBCFA20370C41700C91783 /* pc.h */,
				638168B110B0D5AA00CADBD5 /* erlexec_playdar */,
			);
			name = "Other Sources";
			sourceTree = "<group>";
		};
		63E80EC910B87A9B0094A6E6 /* Statusitem */ = {
			isa = PBXGroup;
			children = (
				63E80EE410B87B570094A6E6 /* Resources */,
				63E80ED510B87AC10094A6E6 /* main.m */,
				63E80ED610B87AC10094A6E6 /* StatusItemController.h */,
				63E80ED710B87AC10094A6E6 /* StatusItemController.m */,
			);
			name = Statusitem;
			sourceTree = "<group>";
		};
		63E80EE410B87B570094A6E6 /* Resources */ = {
			isa = PBXGroup;
			children = (
				63E80EE510B87B6D0094A6E6 /* Info.plist */,
				63E80EE610B87B6D0094A6E6 /* off.png */,
				63E80EE710B87B6D0094A6E6 /* on.png */,
				63E80EE810B87B6D0094A6E6 /* pressed.png */,
				63E80EE910B87B6D0094A6E6 /* StatusItem.xib */,
			);
			name = Resources;
			sourceTree = "<group>";
		};
/* End PBXGroup section */

/* Begin PBXNativeTarget section */
		63E80EDD10B87AD30094A6E6 /* Playdar.app */ = {
			isa = PBXNativeTarget;
			buildConfigurationList = 63E80EE310B87AD40094A6E6 /* Build configuration list for PBXNativeTarget "Playdar.app" */;
			buildPhases = (
				63E80EDA10B87AD30094A6E6 /* Resources */,
				63E80EDB10B87AD30094A6E6 /* Sources */,
				63E80EDC10B87AD30094A6E6 /* Frameworks */,
				63E80F0610B87CAE0094A6E6 /* Hard link ICNS file */,
			);
			buildRules = (
			);
			dependencies = (
				63E80F0E10B87F8F0094A6E6 /* PBXTargetDependency */,
			);
			name = Playdar.app;
			productName = Playdar;
			productReference = 63E80EDE10B87AD30094A6E6 /* Playdar.app */;
			productType = "com.apple.product-type.application";
		};
		8D202CE80486D31800D8A456 /* Playdar.prefPane */ = {
			isa = PBXNativeTarget;
			buildConfigurationList = 1DBD214808BA80EA00186707 /* Build configuration list for PBXNativeTarget "Playdar.prefPane" */;
			buildPhases = (
				8D202CEC0486D31800D8A456 /* Resources */,
				63ADA826108B6344004FFC0C /* Copy Sparkle.framework */,
				8D202CF00486D31800D8A456 /* Sources */,
				8D202CF20486D31800D8A456 /* Frameworks */,
				63D4A44910B329BD00FE8ED2 /* Build Taglib, Erlang and Playdar */,
				6308D52410B6F19800657E7D /* Create confs.tar.bz2 */,
				63707AB210B0C69A0013AF85 /* Copy Erlang and Playdar */,
				638168B310B0D5AB00CADBD5 /* Copy erlexec_playdar */,
			);
			buildRules = (
			);
			dependencies = (
			);
			name = Playdar.prefPane;
			productInstallPath = "$(HOME)/Library/PreferencePanes";
			productName = Playdar.prefPane;
			productReference = 8D202CF80486D31800D8A456 /* Playdar.prefPane */;
			productType = "com.apple.product-type.bundle";
		};
/* End PBXNativeTarget section */

/* Begin PBXProject section */
		089C1669FE841209C02AAC07 /* Project object */ = {
			isa = PBXProject;
			buildConfigurationList = 1DBD214C08BA80EA00186707 /* Build configuration list for PBXProject "Playdar.prefPane" */;
			compatibilityVersion = "Xcode 3.1";
			hasScannedForEncodings = 1;
			mainGroup = 089C166AFE841209C02AAC07 /* Playdar.prefPane */;
			projectDirPath = "";
			projectRoot = "";
			targets = (
				8D202CE80486D31800D8A456 /* Playdar.prefPane */,
				63E80EDD10B87AD30094A6E6 /* Playdar.app */,
			);
		};
/* End PBXProject section */

/* Begin PBXResourcesBuildPhase section */
		63E80EDA10B87AD30094A6E6 /* Resources */ = {
			isa = PBXResourcesBuildPhase;
			buildActionMask = 2147483647;
			files = (
				63E80EF110B87B8E0094A6E6 /* off.png in Resources */,
				63E80EF210B87B8E0094A6E6 /* on.png in Resources */,
				63E80EF310B87B8E0094A6E6 /* pressed.png in Resources */,
				63E80EF410B87B8E0094A6E6 /* StatusItem.xib in Resources */,
			);
			runOnlyForDeploymentPostprocessing = 0;
		};
		8D202CEC0486D31800D8A456 /* Resources */ = {
			isa = PBXResourcesBuildPhase;
			buildActionMask = 2147483647;
			files = (
				8D202CEE0486D31800D8A456 /* playdar.icns in Resources */,
				63ADA832108B6447004FFC0C /* main.xib in Resources */,
				639969CA108E40B300F7CE1F /* button_surround.png in Resources */,
				639969CB108E40B300F7CE1F /* button_knob.png in Resources */,
				63E80EEA10B87B6D0094A6E6 /* Info.plist in Resources */,
				63E80EEB10B87B6D0094A6E6 /* off.png in Resources */,
				63E80EEC10B87B6D0094A6E6 /* on.png in Resources */,
				63E80EED10B87B6D0094A6E6 /* pressed.png in Resources */,
				63E80EEE10B87B6D0094A6E6 /* StatusItem.xib in Resources */,
			);
			runOnlyForDeploymentPostprocessing = 0;
		};
/* End PBXResourcesBuildPhase section */

/* Begin PBXShellScriptBuildPhase section */
		6308D52410B6F19800657E7D /* Create confs.tar.bz2 */ = {
			isa = PBXShellScriptBuildPhase;
			buildActionMask = 2147483647;
			files = (
			);
			inputPaths = (
				"$(OBJECT_ROOT)/Cellar/playdar",
			);
			name = "Create confs.tar.bz2";
			outputPaths = (
				"$(CODESIGNING_FOLDER_PATH)/Contents/Resources/confs.tar.bz2",
			);
			runOnlyForDeploymentPostprocessing = 0;
			shellPath = /bin/sh;
			shellScript = "cd $PROJECT_TEMP_DIR/$CONFIGURATION$EFFECTIVE_PLATFORM_NAME\n\nmkdir -p org.playdar\nORG_PLAYDAR=$PWD/org.playdar\n\nfor x in `find $OBJROOT/Cellar/playdar -name \\*.conf.example`\ndo\n\tmv $x $ORG_PLAYDAR/`basename $x .example`\ndone\n\ncd $ORG_PLAYDAR/..\ntar cjf $CODESIGNING_FOLDER_PATH/Contents/Resources/confs.tbz org.playdar\n\nd=$OBJROOT/Cellar/playdar/etc\ntest -d $d && rmdir $d || true";
		};
		63707AB210B0C69A0013AF85 /* Copy Erlang and Playdar */ = {
			isa = PBXShellScriptBuildPhase;
			buildActionMask = 2147483647;
			files = (
			);
			inputPaths = (
				"$(SRCROOT)/build/Cellar/playdar",
				"$(SRCROOT)/build/Cellar/erlang",
			);
			name = "Copy Erlang and Playdar";
			outputPaths = (
				"$(CODESIGNING_FOLDER_PATH)/bin",
				"$(CODESIGNING_FOLDER_PATH)/lib",
				"$(CODESIGNING_FOLDER_PATH)/ebin",
				"$(CODESIGNING_FOLDER_PATH)/playdar_modules",
				"$(CODESIGNING_FOLDER_PATH)/priv",
				"$(CODESIGNING_FOLDER_PATH)/etc",
				"$(CODESIGNING_FOLDER_PATH)/README",
				"$(CODESIGNING_FOLDER_PATH)/LICENSE",
			);
			runOnlyForDeploymentPostprocessing = 0;
			shellPath = /bin/sh;
			shellScript = "cp -rf $OBJROOT/Cellar/playdar/* $CODESIGNING_FOLDER_PATH\ncp -rf $OBJROOT/Cellar/erlang/* $CODESIGNING_FOLDER_PATH";
		};
		63D4A44910B329BD00FE8ED2 /* Build Taglib, Erlang and Playdar */ = {
			isa = PBXShellScriptBuildPhase;
			buildActionMask = 2147483647;
			files = (
			);
			inputPaths = (
			);
			name = "Build Taglib, Erlang and Playdar";
			outputPaths = (
			);
			runOnlyForDeploymentPostprocessing = 0;
			shellPath = "/usr/bin/make -f";
			shellScript = "HOMEBREW = $(SRCROOT)/homebrew\nCELLAR = $(OBJROOT)/Cellar\n\n.PHONY: all\n\nall: $(CELLAR)/taglib/libtag.a $(CELLAR)/playdar/bin/playdarctl $(CELLAR)/erlang/bin/erlc\n\n$(CELLAR)/taglib/libtag.a: $(HOMEBREW)/taglib.rb\n\tcd \"$(<D)\" && brew install -f $(<F)\n\n$(CELLAR)/playdar/bin/playdarctl: $(HOMEBREW)/playdar.rb $(CELLAR)/taglib/libtag.a\n\tcd \"$(<D)\" && brew install -f $(<F)\n\n$(CELLAR)/erlang/bin/erlc: $(HOMEBREW)/erlang.rb\n\tcd \"$(<D)\" && brew install -f $(<F)\n";
		};
		63E80F0610B87CAE0094A6E6 /* Hard link ICNS file */ = {
			isa = PBXShellScriptBuildPhase;
			buildActionMask = 2147483647;
			files = (
			);
			inputPaths = (
			);
			name = "Hard link ICNS file";
			outputPaths = (
			);
			runOnlyForDeploymentPostprocessing = 0;
			shellPath = /bin/sh;
			shellScript = "cd $BUILD_DIR/$CONFIGURATION$EFFECTIVE_PLATFORM_NAME/Playdar.prefPane/Contents/Resources\npwd\nln -f playdar.icns Playdar.app/Contents/Resources";
		};
/* End PBXShellScriptBuildPhase section */

/* Begin PBXSourcesBuildPhase section */
		63E80EDB10B87AD30094A6E6 /* Sources */ = {
			isa = PBXSourcesBuildPhase;
			buildActionMask = 2147483647;
			files = (
				63E80EF510B87B990094A6E6 /* main.m in Sources */,
				63E80EF710B87B990094A6E6 /* StatusItemController.m in Sources */,
			);
			runOnlyForDeploymentPostprocessing = 0;
		};
		8D202CF00486D31800D8A456 /* Sources */ = {
			isa = PBXSourcesBuildPhase;
			buildActionMask = 2147483647;
			files = (
				8D202CF10486D31800D8A456 /* main.m in Sources */,
				639969C3108E401800F7CE1F /* MBSliderButton.m in Sources */,
			);
			runOnlyForDeploymentPostprocessing = 0;
		};
/* End PBXSourcesBuildPhase section */

/* Begin PBXTargetDependency section */
		63E80F0E10B87F8F0094A6E6 /* PBXTargetDependency */ = {
			isa = PBXTargetDependency;
			target = 8D202CE80486D31800D8A456 /* Playdar.prefPane */;
			targetProxy = 63E80F0D10B87F8F0094A6E6 /* PBXContainerItemProxy */;
		};
/* End PBXTargetDependency section */

/* Begin XCBuildConfiguration section */
		1DBD214908BA80EA00186707 /* Debug */ = {
			isa = XCBuildConfiguration;
			buildSettings = {
				COPY_PHASE_STRIP = NO;
				FRAMEWORK_SEARCH_PATHS = (
					"$(inherited)",
					"\"$(SRCROOT)\"",
				);
				GCC_DYNAMIC_NO_PIC = NO;
				GCC_ENABLE_FIX_AND_CONTINUE = YES;
				GCC_MODEL_TUNING = G5;
				GCC_OPTIMIZATION_LEVEL = 0;
				GCC_PRECOMPILE_PREFIX_HEADER = YES;
				GCC_PREFIX_HEADER = pc.h;
				INFOPLIST_FILE = Info.plist;
				INSTALL_PATH = "$(HOME)/Library/PreferencePanes";
				LIBRARY_SEARCH_PATHS = (
					"$(inherited)",
					"\"$(SRCROOT)/build/Cellar/taglib\"",
				);
				PRODUCT_NAME = Playdar;
				WRAPPER_EXTENSION = prefPane;
				ZERO_LINK = YES;
			};
			name = Debug;
		};
		1DBD214A08BA80EA00186707 /* Release */ = {
			isa = XCBuildConfiguration;
			buildSettings = {
				DEBUG_INFORMATION_FORMAT = "dwarf-with-dsym";
				FRAMEWORK_SEARCH_PATHS = (
					"$(inherited)",
					"\"$(SRCROOT)\"",
				);
				GCC_MODEL_TUNING = G5;
				GCC_PRECOMPILE_PREFIX_HEADER = YES;
				GCC_PREFIX_HEADER = pc.h;
				INFOPLIST_FILE = Info.plist;
				INSTALL_PATH = "$(HOME)/Library/PreferencePanes";
				LIBRARY_SEARCH_PATHS = (
					"$(inherited)",
					"\"$(SRCROOT)/build/Cellar/taglib\"",
				);
				PRODUCT_NAME = Playdar;
				WRAPPER_EXTENSION = prefPane;
			};
			name = Release;
		};
		1DBD214D08BA80EA00186707 /* Debug */ = {
			isa = XCBuildConfiguration;
			buildSettings = {
				ARCHS = "$(ARCHS_STANDARD_32_64_BIT)";
				GCC_C_LANGUAGE_STANDARD = gnu99;
				GCC_ENABLE_OBJC_GC = required;
				GCC_VERSION = com.apple.compilers.llvm.clang.1_0;
				GCC_WARN_ABOUT_RETURN_TYPE = YES;
				GCC_WARN_UNUSED_VARIABLE = YES;
				ONLY_ACTIVE_ARCH = YES;
				PREBINDING = NO;
				SDKROOT = macosx10.6;
				VALID_ARCHS = "i386 ppc x86_64";
			};
			name = Debug;
		};
		1DBD214E08BA80EA00186707 /* Release */ = {
			isa = XCBuildConfiguration;
			buildSettings = {
				ARCHS = "$(ARCHS_STANDARD_32_64_BIT)";
				GCC_C_LANGUAGE_STANDARD = gnu99;
				GCC_ENABLE_OBJC_GC = supported;
				GCC_GENERATE_DEBUGGING_SYMBOLS = NO;
				GCC_VERSION = com.apple.compilers.llvm.clang.1_0;
				GCC_WARN_ABOUT_RETURN_TYPE = YES;
				GCC_WARN_UNUSED_VARIABLE = YES;
				LLVM_LTO = YES;
				PREBINDING = NO;
				SDKROOT = macosx10.5;
				VALID_ARCHS = "i386 ppc x86_64";
			};
			name = Release;
		};
		63E80EE110B87AD40094A6E6 /* Debug */ = {
			isa = XCBuildConfiguration;
			buildSettings = {
				ALWAYS_SEARCH_USER_PATHS = NO;
				CONFIGURATION_BUILD_DIR = "$(BUILD_DIR)/$(CONFIGURATION)$(EFFECTIVE_PLATFORM_NAME)/Playdar.prefPane/Contents/Resources";
				COPY_PHASE_STRIP = NO;
				GCC_DYNAMIC_NO_PIC = NO;
				GCC_ENABLE_FIX_AND_CONTINUE = YES;
				GCC_ENABLE_OBJC_GC = unsupported;
				GCC_MODEL_TUNING = G5;
				GCC_OPTIMIZATION_LEVEL = 0;
				GCC_PRECOMPILE_PREFIX_HEADER = YES;
				GCC_PREFIX_HEADER = "$(SYSTEM_LIBRARY_DIR)/Frameworks/AppKit.framework/Headers/AppKit.h";
				INFOPLIST_FILE = StatusItem/Info.plist;
				INSTALL_PATH = "$(HOME)/Applications";
				LLVM_LTO = NO;
				OTHER_LDFLAGS = (
					"-framework",
					Foundation,
					"-framework",
					AppKit,
				);
				PREBINDING = NO;
				PRODUCT_NAME = Playdar;
			};
			name = Debug;
		};
		63E80EE210B87AD40094A6E6 /* Release */ = {
			isa = XCBuildConfiguration;
			buildSettings = {
				ALWAYS_SEARCH_USER_PATHS = NO;
				CONFIGURATION_BUILD_DIR = "$(BUILD_DIR)/$(CONFIGURATION)$(EFFECTIVE_PLATFORM_NAME)/Playdar.prefPane/Contents/Resources";
				COPY_PHASE_STRIP = YES;
				DEBUG_INFORMATION_FORMAT = "dwarf-with-dsym";
				GCC_ENABLE_FIX_AND_CONTINUE = NO;
				GCC_ENABLE_OBJC_GC = unsupported;
				GCC_MODEL_TUNING = G5;
				GCC_PRECOMPILE_PREFIX_HEADER = YES;
				GCC_PREFIX_HEADER = "$(SYSTEM_LIBRARY_DIR)/Frameworks/AppKit.framework/Headers/AppKit.h";
				INFOPLIST_FILE = StatusItem/Info.plist;
				INSTALL_PATH = "$(HOME)/Applications";
				LLVM_LTO = YES;
				OTHER_LDFLAGS = (
					"-framework",
					Foundation,
					"-framework",
					AppKit,
				);
				PREBINDING = NO;
				PRODUCT_NAME = Playdar;
				SYMROOT = build;
				ZERO_LINK = NO;
			};
			name = Release;
		};
/* End XCBuildConfiguration section */

/* Begin XCConfigurationList section */
		1DBD214808BA80EA00186707 /* Build configuration list for PBXNativeTarget "Playdar.prefPane" */ = {
			isa = XCConfigurationList;
			buildConfigurations = (
				1DBD214908BA80EA00186707 /* Debug */,
				1DBD214A08BA80EA00186707 /* Release */,
			);
			defaultConfigurationIsVisible = 0;
			defaultConfigurationName = Release;
		};
		1DBD214C08BA80EA00186707 /* Build configuration list for PBXProject "Playdar.prefPane" */ = {
			isa = XCConfigurationList;
			buildConfigurations = (
				1DBD214D08BA80EA00186707 /* Debug */,
				1DBD214E08BA80EA00186707 /* Release */,
			);
			defaultConfigurationIsVisible = 0;
			defaultConfigurationName = Release;
		};
		63E80EE310B87AD40094A6E6 /* Build configuration list for PBXNativeTarget "Playdar.app" */ = {
			isa = XCConfigurationList;
			buildConfigurations = (
				63E80EE110B87AD40094A6E6 /* Debug */,
				63E80EE210B87AD40094A6E6 /* Release */,
			);
			defaultConfigurationIsVisible = 0;
			defaultConfigurationName = Release;
		};
/* End XCConfigurationList section */
	};
	rootObject = 089C1669FE841209C02AAC07 /* Project object */;
}
